
Microsoft Visual Studio Solution File, Format Version 12.00
# Visual Studio 15
VisualStudioVersion = 15.0.28307.329
MinimumVisualStudioVersion = 10.0.40219.1
Project("{FAE04EC0-301F-11D3-BF4B-00C04F79EFBC}") = "task-9", "task-9\task-9.csproj", "{8BB3D897-B722-412B-803D-2A2813D67CD6}"
EndProject
Global
	GlobalSection(SolutionConfigurationPlatforms) = preSolution
		Debug|Any CPU = Debug|Any CPU
		Release|Any CPU = Release|Any CPU
	EndGlobalSection
	GlobalSection(ProjectConfigurationPlatforms) = postSolution
		{8BB3D897-B722-412B-803D-2A2813D67CD6}.Debug|Any CPU.ActiveCfg = Debug|Any CPU
		{8BB3D897-B722-412B-803D-2A2813D67CD6}.Debug|Any CPU.Build.0 = Debug|Any CPU
		{8BB3D897-B722-412B-803D-2A2813D67CD6}.Release|Any CPU.ActiveCfg = Release|Any CPU
		{8BB3D897-B722-412B-803D-2A2813D67CD6}.Release|Any CPU.Build.0 = Release|Any CPU
	EndGlobalSection
	GlobalSection(SolutionProperties) = preSolution
		HideSolutionNode = FALSE
	EndGlobalSection
	GlobalSection(ExtensibilityGlobals) = postSolution
		SolutionGuid = {5CB2CA05-2E5F-4A5B-9955-AF679E7A9E45}
	EndGlobalSection
EndGlobal
